
Microsoft Visual Studio Solution File, Format Version 12.00
# Visual Studio Version 17
VisualStudioVersion = 17.14.36301.6 d17.14
MinimumVisualStudioVersion = 10.0.40219.1
Project("{FAE04EC0-301F-11D3-BF4B-00C04F79EFBC}") = "Duração", "Duração\Duração.csproj", "{55ADBE93-7012-425C-A398-B463ABEB36EC}"
EndProject
Global
	GlobalSection(SolutionConfigurationPlatforms) = preSolution
		Debug|Any CPU = Debug|Any CPU
		Release|Any CPU = Release|Any CPU
	EndGlobalSection
	GlobalSection(ProjectConfigurationPlatforms) = postSolution
		{55ADBE93-7012-425C-A398-B463ABEB36EC}.Debug|Any CPU.ActiveCfg = Debug|Any CPU
		{55ADBE93-7012-425C-A398-B463ABEB36EC}.Debug|Any CPU.Build.0 = Debug|Any CPU
		{55ADBE93-7012-425C-A398-B463ABEB36EC}.Release|Any CPU.ActiveCfg = Release|Any CPU
		{55ADBE93-7012-425C-A398-B463ABEB36EC}.Release|Any CPU.Build.0 = Release|Any CPU
	EndGlobalSection
	GlobalSection(SolutionProperties) = preSolution
		HideSolutionNode = FALSE
	EndGlobalSection
	GlobalSection(ExtensibilityGlobals) = postSolution
		SolutionGuid = {A9891830-58A5-4C14-A363-DEDD5E138722}
	EndGlobalSection
EndGlobal
